
Microsoft Visual Studio Solution File, Format Version 12.00
# Visual Studio Version 17
VisualStudioVersion = 17.5.002.0
MinimumVisualStudioVersion = 10.0.40219.1
Project("{2150E333-8FDC-42A3-9474-1A3956D46DE8}") = "csharp-prep", "csharp-prep", "{8E75FB52-1390-4852-813D-8566644D1CFC}"
EndProject
Project("{9A19103F-16F7-4668-BE54-9A1E7A4F7556}") = "Prep1", "csharp-prep\Prep1\Prep1.csproj", "{79F7B3C7-FD5C-41C9-B591-C8543584C3A0}"
EndProject
Project("{9A19103F-16F7-4668-BE54-9A1E7A4F7556}") = "Prep2", "csharp-prep\Prep2\Prep2.csproj", "{395E183C-D1D9-4023-9205-85DA0ED92DF3}"
EndProject
Project("{9A19103F-16F7-4668-BE54-9A1E7A4F7556}") = "Prep3", "csharp-prep\Prep3\Prep3.csproj", "{3FDB47BA-00FF-49FF-9BA9-65B86CF98232}"
EndProject
Project("{9A19103F-16F7-4668-BE54-9A1E7A4F7556}") = "Prep4", "csharp-prep\Prep4\Prep4.csproj", "{2A94E763-DB74-4946-945A-92EE3422F9D2}"
EndProject
Project("{9A19103F-16F7-4668-BE54-9A1E7A4F7556}") = "Prep5", "csharp-prep\Prep5\Prep5.csproj", "{F546B52D-EBB2-40CC-BAB5-90DB96D97405}"
EndProject
Project("{2150E333-8FDC-42A3-9474-1A3956D46DE8}") = "final", "final", "{34833D6F-05F9-4A60-AC89-51021845AE76}"
EndProject
Project("{9A19103F-16F7-4668-BE54-9A1E7A4F7556}") = "FinalProject", "final\FinalProject\FinalProject.csproj", "{EEBFF87B-F229-49E1-9D90-3D0DA44114D5}"
EndProject
Project("{9A19103F-16F7-4668-BE54-9A1E7A4F7556}") = "Foundation1", "final\Foundation1\Foundation1.csproj", "{0FB258FA-D461-465C-9296-D71406AD4D0A}"
EndProject
Project("{9A19103F-16F7-4668-BE54-9A1E7A4F7556}") = "Foundation2", "final\Foundation2\Foundation2.csproj", "{9444ADC9-DA70-49DF-A1C1-90661D3CE6A2}"
EndProject
Project("{9A19103F-16F7-4668-BE54-9A1E7A4F7556}") = "Foundation3", "final\Foundation3\Foundation3.csproj", "{3832BAD0-27B2-48EF-91AB-BACD9F2FAF9E}"
EndProject
Project("{9A19103F-16F7-4668-BE54-9A1E7A4F7556}") = "Foundation4", "final\Foundation4\Foundation4.csproj", "{6C18E3AF-19AE-4534-86DA-6B38BAC5025F}"
EndProject
Project("{2150E333-8FDC-42A3-9474-1A3956D46DE8}") = "prepare", "prepare", "{192D04F0-3244-43D8-B4F3-1F66DF9924F6}"
EndProject
Project("{9A19103F-16F7-4668-BE54-9A1E7A4F7556}") = "Learning02", "prepare\Learning02\Learning02.csproj", "{B85190C6-5B03-47D4-846C-B43BAE0E7795}"
EndProject
Project("{9A19103F-16F7-4668-BE54-9A1E7A4F7556}") = "Learning03", "prepare\Learning03\Learning03.csproj", "{7C0665CC-4A40-4269-B5D0-3AAE4C7D3EF6}"
EndProject
Project("{9A19103F-16F7-4668-BE54-9A1E7A4F7556}") = "Learning04", "prepare\Learning04\Learning04.csproj", "{2BC4524E-765F-452A-857F-8C4F51D92B60}"
EndProject
Project("{9A19103F-16F7-4668-BE54-9A1E7A4F7556}") = "Learning05", "prepare\Learning05\Learning05.csproj", "{DC0BE65A-3993-4893-8AEC-A2C31EF0A895}"
EndProject
Project("{2150E333-8FDC-42A3-9474-1A3956D46DE8}") = "prove", "prove", "{695D229E-A6CE-441A-9E7D-9FDF68C8E7C6}"
EndProject
Project("{9A19103F-16F7-4668-BE54-9A1E7A4F7556}") = "Develop02", "prove\Develop02\Develop02.csproj", "{12F075DD-D3B7-4916-B69A-A22431B7C893}"
EndProject
Project("{9A19103F-16F7-4668-BE54-9A1E7A4F7556}") = "Develop03", "prove\Develop03\Develop03.csproj", "{98D4D411-5D1C-42DC-A723-F2DC0B5F0D0F}"
EndProject
Project("{9A19103F-16F7-4668-BE54-9A1E7A4F7556}") = "Develop04", "prove\Develop04\Develop04.csproj", "{FCF04A0C-ADAC-4A7A-9131-73F67DE45873}"
EndProject
Project("{9A19103F-16F7-4668-BE54-9A1E7A4F7556}") = "Develop05", "prove\Develop05\Develop05.csproj", "{7D1BF390-242F-47CA-9CDF-3DE6B36ACD78}"
EndProject
Project("{2150E333-8FDC-42A3-9474-1A3956D46DE8}") = "sandbox", "sandbox", "{4ADEAB8C-EDF9-41CD-9097-FBCB0BCE3282}"
EndProject
Project("{9A19103F-16F7-4668-BE54-9A1E7A4F7556}") = "Sandbox", "sandbox\Sandbox\Sandbox.csproj", "{126186A3-C0FF-46CF-8FC8-DFCC8946C8A4}"
EndProject
Global
	GlobalSection(SolutionConfigurationPlatforms) = preSolution
		Debug|Any CPU = Debug|Any CPU
		Release|Any CPU = Release|Any CPU
	EndGlobalSection
	GlobalSection(ProjectConfigurationPlatforms) = postSolution
		{79F7B3C7-FD5C-41C9-B591-C8543584C3A0}.Debug|Any CPU.ActiveCfg = Debug|Any CPU
		{79F7B3C7-FD5C-41C9-B591-C8543584C3A0}.Debug|Any CPU.Build.0 = Debug|Any CPU
		{79F7B3C7-FD5C-41C9-B591-C8543584C3A0}.Release|Any CPU.ActiveCfg = Release|Any CPU
		{79F7B3C7-FD5C-41C9-B591-C8543584C3A0}.Release|Any CPU.Build.0 = Release|Any CPU
		{395E183C-D1D9-4023-9205-85DA0ED92DF3}.Debug|Any CPU.ActiveCfg = Debug|Any CPU
		{395E183C-D1D9-4023-9205-85DA0ED92DF3}.Debug|Any CPU.Build.0 = Debug|Any CPU
		{395E183C-D1D9-4023-9205-85DA0ED92DF3}.Release|Any CPU.ActiveCfg = Release|Any CPU
		{395E183C-D1D9-4023-9205-85DA0ED92DF3}.Release|Any CPU.Build.0 = Release|Any CPU
		{3FDB47BA-00FF-49FF-9BA9-65B86CF98232}.Debug|Any CPU.ActiveCfg = Debug|Any CPU
		{3FDB47BA-00FF-49FF-9BA9-65B86CF98232}.Debug|Any CPU.Build.0 = Debug|Any CPU
		{3FDB47BA-00FF-49FF-9BA9-65B86CF98232}.Release|Any CPU.ActiveCfg = Release|Any CPU
		{3FDB47BA-00FF-49FF-9BA9-65B86CF98232}.Release|Any CPU.Build.0 = Release|Any CPU
		{2A94E763-DB74-4946-945A-92EE3422F9D2}.Debug|Any CPU.ActiveCfg = Debug|Any CPU
		{2A94E763-DB74-4946-945A-92EE3422F9D2}.Debug|Any CPU.Build.0 = Debug|Any CPU
		{2A94E763-DB74-4946-945A-92EE3422F9D2}.Release|Any CPU.ActiveCfg = Release|Any CPU
		{2A94E763-DB74-4946-945A-92EE3422F9D2}.Release|Any CPU.Build.0 = Release|Any CPU
		{F546B52D-EBB2-40CC-BAB5-90DB96D97405}.Debug|Any CPU.ActiveCfg = Debug|Any CPU
		{F546B52D-EBB2-40CC-BAB5-90DB96D97405}.Debug|Any CPU.Build.0 = Debug|Any CPU
		{F546B52D-EBB2-40CC-BAB5-90DB96D97405}.Release|Any CPU.ActiveCfg = Release|Any CPU
		{F546B52D-EBB2-40CC-BAB5-90DB96D97405}.Release|Any CPU.Build.0 = Release|Any CPU
		{EEBFF87B-F229-49E1-9D90-3D0DA44114D5}.Debug|Any CPU.ActiveCfg = Debug|Any CPU
		{EEBFF87B-F229-49E1-9D90-3D0DA44114D5}.Debug|Any CPU.Build.0 = Debug|Any CPU
		{EEBFF87B-F229-49E1-9D90-3D0DA44114D5}.Release|Any CPU.ActiveCfg = Release|Any CPU
		{EEBFF87B-F229-49E1-9D90-3D0DA44114D5}.Release|Any CPU.Build.0 = Release|Any CPU
		{0FB258FA-D461-465C-9296-D71406AD4D0A}.Debug|Any CPU.ActiveCfg = Debug|Any CPU
		{0FB258FA-D461-465C-9296-D71406AD4D0A}.Debug|Any CPU.Build.0 = Debug|Any CPU
		{0FB258FA-D461-465C-9296-D71406AD4D0A}.Release|Any CPU.ActiveCfg = Release|Any CPU
		{0FB258FA-D461-465C-9296-D71406AD4D0A}.Release|Any CPU.Build.0 = Release|Any CPU
		{9444ADC9-DA70-49DF-A1C1-90661D3CE6A2}.Debug|Any CPU.ActiveCfg = Debug|Any CPU
		{9444ADC9-DA70-49DF-A1C1-90661D3CE6A2}.Debug|Any CPU.Build.0 = Debug|Any CPU
		{9444ADC9-DA70-49DF-A1C1-90661D3CE6A2}.Release|Any CPU.ActiveCfg = Release|Any CPU
		{9444ADC9-DA70-49DF-A1C1-90661D3CE6A2}.Release|Any CPU.Build.0 = Release|Any CPU
		{3832BAD0-27B2-48EF-91AB-BACD9F2FAF9E}.Debug|Any CPU.ActiveCfg = Debug|Any CPU
		{3832BAD0-27B2-48EF-91AB-BACD9F2FAF9E}.Debug|Any CPU.Build.0 = Debug|Any CPU
		{3832BAD0-27B2-48EF-91AB-BACD9F2FAF9E}.Release|Any CPU.ActiveCfg = Release|Any CPU
		{3832BAD0-27B2-48EF-91AB-BACD9F2FAF9E}.Release|Any CPU.Build.0 = Release|Any CPU
		{6C18E3AF-19AE-4534-86DA-6B38BAC5025F}.Debug|Any CPU.ActiveCfg = Debug|Any CPU
		{6C18E3AF-19AE-4534-86DA-6B38BAC5025F}.Debug|Any CPU.Build.0 = Debug|Any CPU
		{6C18E3AF-19AE-4534-86DA-6B38BAC5025F}.Release|Any CPU.ActiveCfg = Release|Any CPU
		{6C18E3AF-19AE-4534-86DA-6B38BAC5025F}.Release|Any CPU.Build.0 = Release|Any CPU
		{B85190C6-5B03-47D4-846C-B43BAE0E7795}.Debug|Any CPU.ActiveCfg = Debug|Any CPU
		{B85190C6-5B03-47D4-846C-B43BAE0E7795}.Debug|Any CPU.Build.0 = Debug|Any CPU
		{B85190C6-5B03-47D4-846C-B43BAE0E7795}.Release|Any CPU.ActiveCfg = Release|Any CPU
		{B85190C6-5B03-47D4-846C-B43BAE0E7795}.Release|Any CPU.Build.0 = Release|Any CPU
		{7C0665CC-4A40-4269-B5D0-3AAE4C7D3EF6}.Debug|Any CPU.ActiveCfg = Debug|Any CPU
		{7C0665CC-4A40-4269-B5D0-3AAE4C7D3EF6}.Debug|Any CPU.Build.0 = Debug|Any CPU
		{7C0665CC-4A40-4269-B5D0-3AAE4C7D3EF6}.Release|Any CPU.ActiveCfg = Release|Any CPU
		{7C0665CC-4A40-4269-B5D0-3AAE4C7D3EF6}.Release|Any CPU.Build.0 = Release|Any CPU
		{2BC4524E-765F-452A-857F-8C4F51D92B60}.Debug|Any CPU.ActiveCfg = Debug|Any CPU
		{2BC4524E-765F-452A-857F-8C4F51D92B60}.Debug|Any CPU.Build.0 = Debug|Any CPU
		{2BC4524E-765F-452A-857F-8C4F51D92B60}.Release|Any CPU.ActiveCfg = Release|Any CPU
		{2BC4524E-765F-452A-857F-8C4F51D92B60}.Release|Any CPU.Build.0 = Release|Any CPU
		{DC0BE65A-3993-4893-8AEC-A2C31EF0A895}.Debug|Any CPU.ActiveCfg = Debug|Any CPU
		{DC0BE65A-3993-4893-8AEC-A2C31EF0A895}.Debug|Any CPU.Build.0 = Debug|Any CPU
		{DC0BE65A-3993-4893-8AEC-A2C31EF0A895}.Release|Any CPU.ActiveCfg = Release|Any CPU
		{DC0BE65A-3993-4893-8AEC-A2C31EF0A895}.Release|Any CPU.Build.0 = Release|Any CPU
		{12F075DD-D3B7-4916-B69A-A22431B7C893}.Debug|Any CPU.ActiveCfg = Debug|Any CPU
		{12F075DD-D3B7-4916-B69A-A22431B7C893}.Debug|Any CPU.Build.0 = Debug|Any CPU
		{12F075DD-D3B7-4916-B69A-A22431B7C893}.Release|Any CPU.ActiveCfg = Release|Any CPU
		{12F075DD-D3B7-4916-B69A-A22431B7C893}.Release|Any CPU.Build.0 = Release|Any CPU
		{98D4D411-5D1C-42DC-A723-F2DC0B5F0D0F}.Debug|Any CPU.ActiveCfg = Debug|Any CPU
		{98D4D411-5D1C-42DC-A723-F2DC0B5F0D0F}.Debug|Any CPU.Build.0 = Debug|Any CPU
		{98D4D411-5D1C-42DC-A723-F2DC0B5F0D0F}.Release|Any CPU.ActiveCfg = Release|Any CPU
		{98D4D411-5D1C-42DC-A723-F2DC0B5F0D0F}.Release|Any CPU.Build.0 = Release|Any CPU
		{FCF04A0C-ADAC-4A7A-9131-73F67DE45873}.Debug|Any CPU.ActiveCfg = Debug|Any CPU
		{FCF04A0C-ADAC-4A7A-9131-73F67DE45873}.Debug|Any CPU.Build.0 = Debug|Any CPU
		{FCF04A0C-ADAC-4A7A-9131-73F67DE45873}.Release|Any CPU.ActiveCfg = Release|Any CPU
		{FCF04A0C-ADAC-4A7A-9131-73F67DE45873}.Release|Any CPU.Build.0 = Release|Any CPU
		{7D1BF390-242F-47CA-9CDF-3DE6B36ACD78}.Debug|Any CPU.ActiveCfg = Debug|Any CPU
		{7D1BF390-242F-47CA-9CDF-3DE6B36ACD78}.Debug|Any CPU.Build.0 = Debug|Any CPU
		{7D1BF390-242F-47CA-9CDF-3DE6B36ACD78}.Release|Any CPU.ActiveCfg = Release|Any CPU
		{7D1BF390-242F-47CA-9CDF-3DE6B36ACD78}.Release|Any CPU.Build.0 = Release|Any CPU
		{126186A3-C0FF-46CF-8FC8-DFCC8946C8A4}.Debug|Any CPU.ActiveCfg = Debug|Any CPU
		{126186A3-C0FF-46CF-8FC8-DFCC8946C8A4}.Debug|Any CPU.Build.0 = Debug|Any CPU
		{126186A3-C0FF-46CF-8FC8-DFCC8946C8A4}.Release|Any CPU.ActiveCfg = Release|Any CPU
		{126186A3-C0FF-46CF-8FC8-DFCC8946C8A4}.Release|Any CPU.Build.0 = Release|Any CPU
	EndGlobalSection
	GlobalSection(SolutionProperties) = preSolution
		HideSolutionNode = FALSE
	EndGlobalSection
	GlobalSection(NestedProjects) = preSolution
		{79F7B3C7-FD5C-41C9-B591-C8543584C3A0} = {8E75FB52-1390-4852-813D-8566644D1CFC}
		{395E183C-D1D9-4023-9205-85DA0ED92DF3} = {8E75FB52-1390-4852-813D-8566644D1CFC}
		{3FDB47BA-00FF-49FF-9BA9-65B86CF98232} = {8E75FB52-1390-4852-813D-8566644D1CFC}
		{2A94E763-DB74-4946-945A-92EE3422F9D2} = {8E75FB52-1390-4852-813D-8566644D1CFC}
		{F546B52D-EBB2-40CC-BAB5-90DB96D97405} = {8E75FB52-1390-4852-813D-8566644D1CFC}
		{EEBFF87B-F229-49E1-9D90-3D0DA44114D5} = {34833D6F-05F9-4A60-AC89-51021845AE76}
		{0FB258FA-D461-465C-9296-D71406AD4D0A} = {34833D6F-05F9-4A60-AC89-51021845AE76}
		{9444ADC9-DA70-49DF-A1C1-90661D3CE6A2} = {34833D6F-05F9-4A60-AC89-51021845AE76}
		{3832BAD0-27B2-48EF-91AB-BACD9F2FAF9E} = {34833D6F-05F9-4A60-AC89-51021845AE76}
		{6C18E3AF-19AE-4534-86DA-6B38BAC5025F} = {34833D6F-05F9-4A60-AC89-51021845AE76}
		{B85190C6-5B03-47D4-846C-B43BAE0E7795} = {192D04F0-3244-43D8-B4F3-1F66DF9924F6}
		{7C0665CC-4A40-4269-B5D0-3AAE4C7D3EF6} = {192D04F0-3244-43D8-B4F3-1F66DF9924F6}
		{2BC4524E-765F-452A-857F-8C4F51D92B60} = {192D04F0-3244-43D8-B4F3-1F66DF9924F6}
		{DC0BE65A-3993-4893-8AEC-A2C31EF0A895} = {192D04F0-3244-43D8-B4F3-1F66DF9924F6}
		{12F075DD-D3B7-4916-B69A-A22431B7C893} = {695D229E-A6CE-441A-9E7D-9FDF68C8E7C6}
		{98D4D411-5D1C-42DC-A723-F2DC0B5F0D0F} = {695D229E-A6CE-441A-9E7D-9FDF68C8E7C6}
		{FCF04A0C-ADAC-4A7A-9131-73F67DE45873} = {695D229E-A6CE-441A-9E7D-9FDF68C8E7C6}
		{7D1BF390-242F-47CA-9CDF-3DE6B36ACD78} = {695D229E-A6CE-441A-9E7D-9FDF68C8E7C6}
		{126186A3-C0FF-46CF-8FC8-DFCC8946C8A4} = {4ADEAB8C-EDF9-41CD-9097-FBCB0BCE3282}
	EndGlobalSection
	GlobalSection(ExtensibilityGlobals) = postSolution
		SolutionGuid = {F0A24462-F659-4296-B4EE-0F6FF3DA0193}
	EndGlobalSection
EndGlobal
